{
  "nodes": {
    "nixpkgs": {
      "locked": {
        "lastModified": 1646939531,
        "narHash": "sha256-bxOjVqcsccCNm+jSmEh/bm0tqfE3SdjwS+p+FZja3ho=",
        "path": "/nix/store/g7alaqippgw6d0v7x68kx3vwv80pwwz0-source",
        "rev": "fcd48a5a0693f016a5c370460d0c2a8243b882dc",
        "type": "path"
      },
      "original": {
        "id": "nixpkgs-unstable",
        "type": "indirect"
      }
    },
    "root": {
      "inputs": {
        "nixpkgs": "nixpkgs"
      }
    }
  },
  "root": "root",
  "version": 7
}
